{
	"name": "@rallie/core",
	"version": "0.4.1-alpha.0",
	"lockfileVersion": 2,
	"requires": true,
	"packages": {
		"": {
			"name": "@rallie/core",
			"version": "0.4.1-alpha.0",
			"license": "MIT",
			"dependencies": {
				"@vue/reactivity": "^3.2.14",
				"tslib": "^2.3.1"
			}
		},
		"node_modules/@vue/reactivity": {
			"version": "3.2.20",
			"resolved": "https://registry.npmjs.org/@vue/reactivity/-/reactivity-3.2.20.tgz",
			"integrity": "sha512-nSmoLojUTk+H8HNTAkrUduB4+yIUBK2HPihJo2uXVSH4Spry6oqN6lFzE5zpLK+F27Sja+UqR9R1+/kIOsHV5w==",
			"dependencies": {
				"@vue/shared": "3.2.20"
			}
		},
		"node_modules/@vue/shared": {
			"version": "3.2.20",
			"resolved": "https://registry.npmjs.org/@vue/shared/-/shared-3.2.20.tgz",
			"integrity": "sha512-FbpX+hD5BvXCQerEYO7jtAGHlhAkhTQ4KIV73kmLWNlawWhTiVuQxizgVb0BOkX5oG9cIRZ42EG++d/k/Efp0w=="
		},
		"node_modules/tslib": {
			"version": "2.3.1",
			"resolved": "https://registry.npmjs.org/tslib/-/tslib-2.3.1.tgz",
			"integrity": "sha512-77EbyPPpMz+FRFRuAFlWMtmgUWGe9UOG2Z25NqCwiIjRhOf5iKGuzSe5P2w1laq+FkRy4p+PCuVkJSGkzTEKVw=="
		}
	},
	"dependencies": {
		"@vue/reactivity": {
			"version": "3.2.20",
			"resolved": "https://registry.npmjs.org/@vue/reactivity/-/reactivity-3.2.20.tgz",
			"integrity": "sha512-nSmoLojUTk+H8HNTAkrUduB4+yIUBK2HPihJo2uXVSH4Spry6oqN6lFzE5zpLK+F27Sja+UqR9R1+/kIOsHV5w==",
			"requires": {
				"@vue/shared": "3.2.20"
			}
		},
		"@vue/shared": {
			"version": "3.2.20",
			"resolved": "https://registry.npmjs.org/@vue/shared/-/shared-3.2.20.tgz",
			"integrity": "sha512-FbpX+hD5BvXCQerEYO7jtAGHlhAkhTQ4KIV73kmLWNlawWhTiVuQxizgVb0BOkX5oG9cIRZ42EG++d/k/Efp0w=="
		},
		"tslib": {
			"version": "2.3.1",
			"resolved": "https://registry.npmjs.org/tslib/-/tslib-2.3.1.tgz",
			"integrity": "sha512-77EbyPPpMz+FRFRuAFlWMtmgUWGe9UOG2Z25NqCwiIjRhOf5iKGuzSe5P2w1laq+FkRy4p+PCuVkJSGkzTEKVw=="
		}
	}
}
