{
	"name": "@rallie/core",
	"version": "0.5.1",
	"lockfileVersion": 2,
	"requires": true,
	"packages": {
		"": {
			"name": "@rallie/core",
			"version": "0.5.1",
			"license": "MIT",
			"dependencies": {
				"@vue/reactivity": "^3.2.14",
				"tslib": "^2.3.1"
			}
		},
		"node_modules/@vue/reactivity": {
			"version": "3.2.21",
			"resolved": "https://registry.npmjs.org/@vue/reactivity/-/reactivity-3.2.21.tgz",
			"integrity": "sha512-7C57zFm/5E3SSTUhVuYj1InDwuJ+GIVQ/z+H43C9sST85gIThGXVhksl1yWTAadf8Yz4T5lSbqi5Ds8U/ueWcw==",
			"dependencies": {
				"@vue/shared": "3.2.21"
			}
		},
		"node_modules/@vue/shared": {
			"version": "3.2.21",
			"resolved": "https://registry.npmjs.org/@vue/shared/-/shared-3.2.21.tgz",
			"integrity": "sha512-5EQmIPK6gw4UVYUbM959B0uPsJ58+xoMESCZs3N89XyvJ9e+fX4pqEPrOGV8OroIk3SbEvJcC+eYc8BH9JQrHA=="
		},
		"node_modules/tslib": {
			"version": "2.3.1",
			"resolved": "https://registry.npmjs.org/tslib/-/tslib-2.3.1.tgz",
			"integrity": "sha512-77EbyPPpMz+FRFRuAFlWMtmgUWGe9UOG2Z25NqCwiIjRhOf5iKGuzSe5P2w1laq+FkRy4p+PCuVkJSGkzTEKVw=="
		}
	},
	"dependencies": {
		"@vue/reactivity": {
			"version": "3.2.21",
			"resolved": "https://registry.npmjs.org/@vue/reactivity/-/reactivity-3.2.21.tgz",
			"integrity": "sha512-7C57zFm/5E3SSTUhVuYj1InDwuJ+GIVQ/z+H43C9sST85gIThGXVhksl1yWTAadf8Yz4T5lSbqi5Ds8U/ueWcw==",
			"requires": {
				"@vue/shared": "3.2.21"
			}
		},
		"@vue/shared": {
			"version": "3.2.21",
			"resolved": "https://registry.npmjs.org/@vue/shared/-/shared-3.2.21.tgz",
			"integrity": "sha512-5EQmIPK6gw4UVYUbM959B0uPsJ58+xoMESCZs3N89XyvJ9e+fX4pqEPrOGV8OroIk3SbEvJcC+eYc8BH9JQrHA=="
		},
		"tslib": {
			"version": "2.3.1",
			"resolved": "https://registry.npmjs.org/tslib/-/tslib-2.3.1.tgz",
			"integrity": "sha512-77EbyPPpMz+FRFRuAFlWMtmgUWGe9UOG2Z25NqCwiIjRhOf5iKGuzSe5P2w1laq+FkRy4p+PCuVkJSGkzTEKVw=="
		}
	}
}
