{
  "name": "obvious-demo",
  "version": "1.0.0",
  "lockfileVersion": 1,
  "requires": true,
  "dependencies": {
    "@runnan/obvious": {
      "version": "1.0.0",
      "resolved": "https://registry.npmjs.org/@runnan/obvious/-/obvious-1.0.0.tgz",
      "integrity": "sha512-Sb0wauPPF+MRgiyQYImFDyNvei0B4nFNRUuqFrkkxCj15RQAPa/E3sK87cVR1Pkp6U1+X+esLJkzspoC6sS4dA=="
    }
  }
}
